// !$*UTF8*$!
{
	archiveVersion = 1;
	classes = {
	};
	objectVersion = 46;
	objects = {

/* Begin PBXBuildFile section */
		723256D11BB3962000CCD7AF /* AppDelegate.swift in Sources */ = {isa = PBXBuildFile; fileRef = 723256D01BB3962000CCD7AF /* AppDelegate.swift */; };
		723256D31BB3962000CCD7AF /* ViewController.swift in Sources */ = {isa = PBXBuildFile; fileRef = 723256D21BB3962000CCD7AF /* ViewController.swift */; };
		723256D61BB3962000CCD7AF /* Main.storyboard in Resources */ = {isa = PBXBuildFile; fileRef = 723256D41BB3962000CCD7AF /* Main.storyboard */; };
		723256D81BB3962000CCD7AF /* Assets.xcassets in Resources */ = {isa = PBXBuildFile; fileRef = 723256D71BB3962000CCD7AF /* Assets.xcassets */; };
		723256DB1BB3962000CCD7AF /* LaunchScreen.storyboard in Resources */ = {isa = PBXBuildFile; fileRef = 723256D91BB3962000CCD7AF /* LaunchScreen.storyboard */; };
/* End PBXBuildFile section */

/* Begin PBXFileReference section */
		723256CD1BB3962000CCD7AF /* supercool.app */ = {isa = PBXFileReference; explicitFileType = wrapper.application; includeInIndex = 0; path = supercool.app; sourceTree = BUILT_PRODUCTS_DIR; };
		723256D01BB3962000CCD7AF /* AppDelegate.swift */ = {isa = PBXFileReference; lastKnownFileType = sourcecode.swift; path = AppDelegate.swift; sourceTree = "<group>"; };
		723256D21BB3962000CCD7AF /* ViewController.swift */ = {isa = PBXFileReference; lastKnownFileType = sourcecode.swift; path = ViewController.swift; sourceTree = "<group>"; };
		723256D51BB3962000CCD7AF /* Base */ = {isa = PBXFileReference; lastKnownFileType = file.storyboard; name = Base; path = Base.lproj/Main.storyboard; sourceTree = "<group>"; };
		723256D71BB3962000CCD7AF /* Assets.xcassets */ = {isa = PBXFileReference; lastKnownFileType = folder.assetcatalog; path = Assets.xcassets; sourceTree = "<group>"; };
		723256DA1BB3962000CCD7AF /* Base */ = {isa = PBXFileReference; lastKnownFileType = file.storyboard; name = Base; path = Base.lproj/LaunchScreen.storyboard; sourceTree = "<group>"; };
		723256DC1BB3962000CCD7AF /* Info.plist */ = {isa = PBXFileReference; lastKnownFileType = text.plist.xml; path = Info.plist; sourceTree = "<group>"; };
/* End PBXFileReference section */

/* Begin PBXFrameworksBuildPhase section */
		723256CA1BB3962000CCD7AF /* Frameworks */ = {
			isa = PBXFrameworksBuildPhase;
			buildActionMask = 2147483647;
			files = (
			);
			runOnlyForDeploymentPostprocessing = 0;
		};
/* End PBXFrameworksBuildPhase section */

/* Begin PBXGroup section */
		723256C41BB3962000CCD7AF = {
			isa = PBXGroup;
			children = (
				723256CF1BB3962000CCD7AF /* supercool */,
				723256CE1BB3962000CCD7AF /* Products */,
			);
			sourceTree = "<group>";
		};
		723256CE1BB3962000CCD7AF /* Products */ = {
			isa = PBXGroup;
			children = (
				723256CD1BB3962000CCD7AF /* supercool.app */,
			);
			name = Products;
			sourceTree = "<group>";
		};
		723256CF1BB3962000CCD7AF /* supercool */ = {
			isa = PBXGroup;
			children = (
				723256D01BB3962000CCD7AF /* AppDelegate.swift */,
				723256D21BB3962000CCD7AF /* ViewController.swift */,
				723256D41BB3962000CCD7AF /* Main.storyboard */,
				723256D71BB3962000CCD7AF /* Assets.xcassets */,
				723256D91BB3962000CCD7AF /* LaunchScreen.storyboard */,
				723256DC1BB3962000CCD7AF /* Info.plist */,
			);
			path = supercool;
			sourceTree = "<group>";
		};
/* End PBXGroup section */

/* Begin PBXNativeTarget section */
		723256CC1BB3962000CCD7AF /* supercool */ = {
			isa = PBXNativeTarget;
			buildConfigurationList = 723256DF1BB3962000CCD7AF /* Build configuration list for PBXNativeTarget "supercool" */;
			buildPhases = (
				723256C91BB3962000CCD7AF /* Sources */,
				723256CA1BB3962000CCD7AF /* Frameworks */,
				723256CB1BB3962000CCD7AF /* Resources */,
			);
			buildRules = (
			);
			dependencies = (
			);
			name = supercool;
			productName = supercool;
			productReference = 723256CD1BB3962000CCD7AF /* supercool.app */;
			productType = "com.apple.product-type.application";
		};
/* End PBXNativeTarget section */

/* Begin PBXProject section */
		723256C51BB3962000CCD7AF /* Project object */ = {
			isa = PBXProject;
			attributes = {
				LastUpgradeCheck = 0700;
				ORGANIZATIONNAME = "Mehta, Pranav";
				TargetAttributes = {
					723256CC1BB3962000CCD7AF = {
						CreatedOnToolsVersion = 7.0;
					};
				};
			};
			buildConfigurationList = 723256C81BB3962000CCD7AF /* Build configuration list for PBXProject "supercool" */;
			compatibilityVersion = "Xcode 3.2";
			developmentRegion = English;
			hasScannedForEncodings = 0;
			knownRegions = (
				en,
				Base,
			);
			mainGroup = 723256C41BB3962000CCD7AF;
			productRefGroup = 723256CE1BB3962000CCD7AF /* Products */;
			projectDirPath = "";
			projectRoot = "";
			targets = (
				723256CC1BB3962000CCD7AF /* supercool */,
			);
		};
/* End PBXProject section */

/* Begin PBXResourcesBuildPhase section */
		723256CB1BB3962000CCD7AF /* Resources */ = {
			isa = PBXResourcesBuildPhase;
			buildActionMask = 2147483647;
			files = (
				723256DB1BB3962000CCD7AF /* LaunchScreen.storyboard in Resources */,
				723256D81BB3962000CCD7AF /* Assets.xcassets in Resources */,
				723256D61BB3962000CCD7AF /* Main.storyboard in Resources */,
			);
			runOnlyForDeploymentPostprocessing = 0;
		};
/* End PBXResourcesBuildPhase section */

/* Begin PBXSourcesBuildPhase section */
		723256C91BB3962000CCD7AF /* Sources */ = {
			isa = PBXSourcesBuildPhase;
			buildActionMask = 2147483647;
			files = (
				723256D31BB3962000CCD7AF /* ViewController.swift in Sources */,
				723256D11BB3962000CCD7AF /* AppDelegate.swift in Sources */,
			);
			runOnlyForDeploymentPostprocessing = 0;
		};
/* End PBXSourcesBuildPhase section */

/* Begin PBXVariantGroup section */
		723256D41BB3962000CCD7AF /* Main.storyboard */ = {
			isa = PBXVariantGroup;
			children = (
				723256D51BB3962000CCD7AF /* Base */,
			);
			name = Main.storyboard;
			sourceTree = "<group>";
		};
		723256D91BB3962000CCD7AF /* LaunchScreen.storyboard */ = {
			isa = PBXVariantGroup;
			children = (
				723256DA1BB3962000CCD7AF /* Base */,
			);
			name = LaunchScreen.storyboard;
			sourceTree = "<group>";
		};
/* End PBXVariantGroup section */

/* Begin XCBuildConfiguration section */
		723256DD1BB3962000CCD7AF /* Debug */ = {
			isa = XCBuildConfiguration;
			buildSettings = {
				ALWAYS_SEARCH_USER_PATHS = NO;
				CLANG_CXX_LANGUAGE_STANDARD = "gnu++0x";
				CLANG_CXX_LIBRARY = "libc++";
				CLANG_ENABLE_MODULES = YES;
				CLANG_ENABLE_OBJC_ARC = YES;
				CLANG_WARN_BOOL_CONVERSION = YES;
				CLANG_WARN_CONSTANT_CONVERSION = YES;
				CLANG_WARN_DIRECT_OBJC_ISA_USAGE = YES_ERROR;
				CLANG_WARN_EMPTY_BODY = YES;
				CLANG_WARN_ENUM_CONVERSION = YES;
				CLANG_WARN_INT_CONVERSION = YES;
				CLANG_WARN_OBJC_ROOT_CLASS = YES_ERROR;
				CLANG_WARN_UNREACHABLE_CODE = YES;
				CLANG_WARN__DUPLICATE_METHOD_MATCH = YES;
				"CODE_SIGN_IDENTITY[sdk=iphoneos*]" = "iPhone Developer";
				COPY_PHASE_STRIP = NO;
				DEBUG_INFORMATION_FORMAT = dwarf;
				ENABLE_STRICT_OBJC_MSGSEND = YES;
				ENABLE_TESTABILITY = YES;
				GCC_C_LANGUAGE_STANDARD = gnu99;
				GCC_DYNAMIC_NO_PIC = NO;
				GCC_NO_COMMON_BLOCKS = YES;
				GCC_OPTIMIZATION_LEVEL = 0;
				GCC_PREPROCESSOR_DEFINITIONS = (
					"DEBUG=1",
					"$(inherited)",
				);
				GCC_WARN_64_TO_32_BIT_CONVERSION = YES;
				GCC_WARN_ABOUT_RETURN_TYPE = YES_ERROR;
				GCC_WARN_UNDECLARED_SELECTOR = YES;
				GCC_WARN_UNINITIALIZED_AUTOS = YES_AGGRESSIVE;
				GCC_WARN_UNUSED_FUNCTION = YES;
				GCC_WARN_UNUSED_VARIABLE = YES;
				IPHONEOS_DEPLOYMENT_TARGET = 9.0;
				MTL_ENABLE_DEBUG_INFO = YES;
				ONLY_ACTIVE_ARCH = YES;
				SDKROOT = iphoneos;
				SWIFT_OPTIMIZATION_LEVEL = "-Onone";
			};
			name = Debug;
		};
		723256DE1BB3962000CCD7AF /* Release */ = {
			isa = XCBuildConfiguration;
			buildSettings = {
				ALWAYS_SEARCH_USER_PATHS = NO;
				CLANG_CXX_LANGUAGE_STANDARD = "gnu++0x";
				CLANG_CXX_LIBRARY = "libc++";
				CLANG_ENABLE_MODULES = YES;
				CLANG_ENABLE_OBJC_ARC = YES;
				CLANG_WARN_BOOL_CONVERSION = YES;
				CLANG_WARN_CONSTANT_CONVERSION = YES;
				CLANG_WARN_DIRECT_OBJC_ISA_USAGE = YES_ERROR;
				CLANG_WARN_EMPTY_BODY = YES;
				CLANG_WARN_ENUM_CONVERSION = YES;
				CLANG_WARN_INT_CONVERSION = YES;
				CLANG_WARN_OBJC_ROOT_CLASS = YES_ERROR;
				CLANG_WARN_UNREACHABLE_CODE = YES;
				CLANG_WARN__DUPLICATE_METHOD_MATCH = YES;
				"CODE_SIGN_IDENTITY[sdk=iphoneos*]" = "iPhone Developer";
				COPY_PHASE_STRIP = NO;
				DEBUG_INFORMATION_FORMAT = "dwarf-with-dsym";
				ENABLE_NS_ASSERTIONS = NO;
				ENABLE_STRICT_OBJC_MSGSEND = YES;
				GCC_C_LANGUAGE_STANDARD = gnu99;
				GCC_NO_COMMON_BLOCKS = YES;
				GCC_WARN_64_TO_32_BIT_CONVERSION = YES;
				GCC_WARN_ABOUT_RETURN_TYPE = YES_ERROR;
				GCC_WARN_UNDECLARED_SELECTOR = YES;
				GCC_WARN_UNINITIALIZED_AUTOS = YES_AGGRESSIVE;
				GCC_WARN_UNUSED_FUNCTION = YES;
				GCC_WARN_UNUSED_VARIABLE = YES;
				IPHONEOS_DEPLOYMENT_TARGET = 9.0;
				MTL_ENABLE_DEBUG_INFO = NO;
				SDKROOT = iphoneos;
				VALIDATE_PRODUCT = YES;
			};
			name = Release;
		};
		723256E01BB3962000CCD7AF /* Debug */ = {
			isa = XCBuildConfiguration;
			buildSettings = {
				ASSETCATALOG_COMPILER_APPICON_NAME = AppIcon;
				INFOPLIST_FILE = supercool/Info.plist;
				LD_RUNPATH_SEARCH_PATHS = "$(inherited) @executable_path/Frameworks";
				PRODUCT_BUNDLE_IDENTIFIER = com.developer.supercool;
				PRODUCT_NAME = "$(TARGET_NAME)";
			};
			name = Debug;
		};
		723256E11BB3962000CCD7AF /* Release */ = {
			isa = XCBuildConfiguration;
			buildSettings = {
				ASSETCATALOG_COMPILER_APPICON_NAME = AppIcon;
				INFOPLIST_FILE = supercool/Info.plist;
				LD_RUNPATH_SEARCH_PATHS = "$(inherited) @executable_path/Frameworks";
				PRODUCT_BUNDLE_IDENTIFIER = com.developer.supercool;
				PRODUCT_NAME = "$(TARGET_NAME)";
			};
			name = Release;
		};
/* End XCBuildConfiguration section */

/* Begin XCConfigurationList section */
		723256C81BB3962000CCD7AF /* Build configuration list for PBXProject "supercool" */ = {
			isa = XCConfigurationList;
			buildConfigurations = (
				723256DD1BB3962000CCD7AF /* Debug */,
				723256DE1BB3962000CCD7AF /* Release */,
			);
			defaultConfigurationIsVisible = 0;
			defaultConfigurationName = Release;
		};
		723256DF1BB3962000CCD7AF /* Build configuration list for PBXNativeTarget "supercool" */ = {
			isa = XCConfigurationList;
			buildConfigurations = (
				723256E01BB3962000CCD7AF /* Debug */,
				723256E11BB3962000CCD7AF /* Release */,
			);
			defaultConfigurationIsVisible = 0;
		};
/* End XCConfigurationList section */
	};
	rootObject = 723256C51BB3962000CCD7AF /* Project object */;
}
